
Microsoft Visual Studio Solution File, Format Version 12.00
# Visual Studio Version 17
VisualStudioVersion = 17.5.002.0
MinimumVisualStudioVersion = 10.0.40219.1
Project("{9A19103F-16F7-4668-BE54-9A1E7A4F7556}") = "AS", "AS.csproj", "{7D9F4F6C-E554-4FD9-889C-5647271A6A3B}"
EndProject
Global
	GlobalSection(SolutionConfigurationPlatforms) = preSolution
		Debug|Any CPU = Debug|Any CPU
		Release|Any CPU = Release|Any CPU
	EndGlobalSection
	GlobalSection(ProjectConfigurationPlatforms) = postSolution
		{7D9F4F6C-E554-4FD9-889C-5647271A6A3B}.Debug|Any CPU.ActiveCfg = Debug|Any CPU
		{7D9F4F6C-E554-4FD9-889C-5647271A6A3B}.Debug|Any CPU.Build.0 = Debug|Any CPU
		{7D9F4F6C-E554-4FD9-889C-5647271A6A3B}.Release|Any CPU.ActiveCfg = Release|Any CPU
		{7D9F4F6C-E554-4FD9-889C-5647271A6A3B}.Release|Any CPU.Build.0 = Release|Any CPU
	EndGlobalSection
	GlobalSection(SolutionProperties) = preSolution
		HideSolutionNode = FALSE
	EndGlobalSection
	GlobalSection(ExtensibilityGlobals) = postSolution
		SolutionGuid = {E31C9E58-9CFD-4E28-8269-2C34753FA94D}
	EndGlobalSection
EndGlobal
